{
  "version": 4,
  "terraform_version": "1.5.7",
  "serial": 5,
  "lineage": "eb9bf21d-5e23-a9ee-55be-cba38cd48ada",
  "outputs": {
    "kubernetes_cluster_host": {
      "value": "34.65.240.234",
      "type": "string"
    },
    "kubernetes_cluster_name": {
      "value": "codify-playground-yannick-gke",
      "type": "string"
    },
    "project_id": {
      "value": "codify-playground-yannick",
      "type": "string"
    },
    "region": {
      "value": "europe-west6",
      "type": "string"
    }
  },
  "resources": [
    {
      "mode": "data",
      "type": "google_container_engine_versions",
      "name": "gke_version",
      "provider": "provider[\"registry.terraform.io/hashicorp/google\"]",
      "instances": [
        {
          "schema_version": 0,
          "attributes": {
            "default_cluster_version": "1.27.8-gke.1067004",
            "id": "2024-03-05 12:28:10.06731 +0000 UTC",
            "latest_master_version": "1.27.11-gke.1062000",
            "latest_node_version": "1.27.11-gke.1062000",
            "location": "europe-west6",
            "project": null,
            "release_channel_default_version": {
              "RAPID": "1.29.0-gke.1381000",
              "REGULAR": "1.27.8-gke.1067004",
              "STABLE": "1.27.8-gke.1067004"
            },
            "release_channel_latest_version": {
              "RAPID": "1.27.11-gke.1062000",
              "REGULAR": "1.27.10-gke.1055000",
              "STABLE": "1.27.8-gke.1067004"
            },
            "valid_master_versions": [
              "1.27.11-gke.1062000",
              "1.27.11-gke.1018000",
              "1.27.10-gke.1055000",
              "1.27.9-gke.1092000",
              "1.27.8-gke.1067004",
              "1.27.7-gke.1121002",
              "1.27.3-gke.100"
            ],
            "valid_node_versions": [
              "1.27.11-gke.1062000",
              "1.27.11-gke.1018000",
              "1.27.10-gke.1207000",
              "1.27.10-gke.1152000",
              "1.27.10-gke.1055000",
              "1.27.9-gke.1092000",
              "1.27.8-gke.1067004",
              "1.27.8-gke.1067000",
              "1.27.7-gke.1293000",
              "1.27.7-gke.1121002",
              "1.27.7-gke.1121000",
              "1.27.7-gke.1088000",
              "1.27.7-gke.1056000",
              "1.27.7-gke.1038000",
              "1.27.6-gke.1506000",
              "1.27.6-gke.1445000",
              "1.27.6-gke.1248000",
              "1.27.5-gke.200",
              "1.27.4-gke.900",
              "1.27.3-gke.1700",
              "1.27.3-gke.100",
              "1.27.2-gke.2100",
              "1.27.2-gke.1200"
            ],
            "version_prefix": "1.27."
          },
          "sensitive_attributes": []
        }
      ]
    },
    {
      "mode": "managed",
      "type": "google_compute_network",
      "name": "vpc",
      "provider": "provider[\"registry.terraform.io/hashicorp/google\"]",
      "instances": [
        {
          "schema_version": 0,
          "attributes": {
            "auto_create_subnetworks": false,
            "delete_default_routes_on_create": false,
            "description": "",
            "enable_ula_internal_ipv6": false,
            "gateway_ipv4": "",
            "id": "projects/codify-playground-yannick/global/networks/codify-playground-yannick-vpc",
            "internal_ipv6_range": "",
            "mtu": 0,
            "name": "codify-playground-yannick-vpc",
            "network_firewall_policy_enforcement_order": "AFTER_CLASSIC_FIREWALL",
            "project": "codify-playground-yannick",
            "routing_mode": "REGIONAL",
            "self_link": "https://www.googleapis.com/compute/v1/projects/codify-playground-yannick/global/networks/codify-playground-yannick-vpc",
            "timeouts": null
          },
          "sensitive_attributes": [],
          "private": "eyJlMmJmYjczMC1lY2FhLTExZTYtOGY4OC0zNDM2M2JjN2M0YzAiOnsiY3JlYXRlIjoxMjAwMDAwMDAwMDAwLCJkZWxldGUiOjEyMDAwMDAwMDAwMDAsInVwZGF0ZSI6MTIwMDAwMDAwMDAwMH19"
        }
      ]
    },
    {
      "mode": "managed",
      "type": "google_compute_subnetwork",
      "name": "subnet",
      "provider": "provider[\"registry.terraform.io/hashicorp/google\"]",
      "instances": [
        {
          "schema_version": 0,
          "attributes": {
            "creation_timestamp": "2024-03-05T04:28:36.775-08:00",
            "description": "",
            "external_ipv6_prefix": "",
            "fingerprint": null,
            "gateway_address": "10.10.0.1",
            "id": "projects/codify-playground-yannick/regions/europe-west6/subnetworks/codify-playground-yannick-subnet",
            "ip_cidr_range": "10.10.0.0/24",
            "ipv6_access_type": "",
            "ipv6_cidr_range": "",
            "log_config": [],
            "name": "codify-playground-yannick-subnet",
            "network": "https://www.googleapis.com/compute/v1/projects/codify-playground-yannick/global/networks/codify-playground-yannick-vpc",
            "private_ip_google_access": false,
            "private_ipv6_google_access": "DISABLE_GOOGLE_ACCESS",
            "project": "codify-playground-yannick",
            "purpose": "PRIVATE",
            "region": "europe-west6",
            "role": "",
            "secondary_ip_range": [],
            "self_link": "https://www.googleapis.com/compute/v1/projects/codify-playground-yannick/regions/europe-west6/subnetworks/codify-playground-yannick-subnet",
            "stack_type": "IPV4_ONLY",
            "timeouts": null
          },
          "sensitive_attributes": [],
          "private": "eyJlMmJmYjczMC1lY2FhLTExZTYtOGY4OC0zNDM2M2JjN2M0YzAiOnsiY3JlYXRlIjoxMjAwMDAwMDAwMDAwLCJkZWxldGUiOjEyMDAwMDAwMDAwMDAsInVwZGF0ZSI6MTIwMDAwMDAwMDAwMH19",
          "dependencies": [
            "google_compute_network.vpc"
          ]
        }
      ]
    },
    {
      "mode": "managed",
      "type": "google_container_cluster",
      "name": "primary",
      "provider": "provider[\"registry.terraform.io/hashicorp/google\"]",
      "instances": [
        {
          "schema_version": 1,
          "attributes": {
            "addons_config": [
              {
                "cloudrun_config": [],
                "config_connector_config": [],
                "dns_cache_config": [],
                "gce_persistent_disk_csi_driver_config": [
                  {
                    "enabled": true
                  }
                ],
                "gcp_filestore_csi_driver_config": [],
                "gke_backup_agent_config": [],
                "horizontal_pod_autoscaling": [],
                "http_load_balancing": [],
                "network_policy_config": [
                  {
                    "disabled": true
                  }
                ]
              }
            ],
            "authenticator_groups_config": [],
            "binary_authorization": [
              {
                "enabled": false,
                "evaluation_mode": ""
              }
            ],
            "cluster_autoscaling": [
              {
                "auto_provisioning_defaults": [],
                "enabled": false,
                "resource_limits": []
              }
            ],
            "cluster_ipv4_cidr": "10.252.0.0/14",
            "confidential_nodes": [],
            "cost_management_config": [],
            "database_encryption": [
              {
                "key_name": "",
                "state": "DECRYPTED"
              }
            ],
            "datapath_provider": "",
            "default_max_pods_per_node": null,
            "default_snat_status": [
              {
                "disabled": false
              }
            ],
            "description": "",
            "dns_config": [],
            "enable_autopilot": false,
            "enable_binary_authorization": false,
            "enable_intranode_visibility": false,
            "enable_kubernetes_alpha": false,
            "enable_l4_ilb_subsetting": false,
            "enable_legacy_abac": false,
            "enable_shielded_nodes": true,
            "enable_tpu": false,
            "endpoint": "34.65.240.234",
            "gateway_api_config": [],
            "id": "projects/codify-playground-yannick/locations/europe-west6/clusters/codify-playground-yannick-gke",
            "initial_node_count": 1,
            "ip_allocation_policy": [],
            "label_fingerprint": "a9dc16a7",
            "location": "europe-west6",
            "logging_config": [
              {
                "enable_components": [
                  "SYSTEM_COMPONENTS",
                  "WORKLOADS"
                ]
              }
            ],
            "logging_service": "logging.googleapis.com/kubernetes",
            "maintenance_policy": [],
            "master_auth": [
              {
                "client_certificate": "",
                "client_certificate_config": [
                  {
                    "issue_client_certificate": false
                  }
                ],
                "client_key": "",
                "cluster_ca_certificate": "LS0tLS1CRUdJTiBDRVJUSUZJQ0FURS0tLS0tCk1JSUVMRENDQXBTZ0F3SUJBZ0lRV0tKekZpNkFkSVlrdjMxc3BqOC9XREFOQmdrcWhraUc5dzBCQVFzRkFEQXYKTVMwd0t3WURWUVFERXlRM05XWTBZalppWVMxak1USXhMVFJrTldRdFlqVXlaaTB4TnpjMFlqTXdPVEV4WkRZdwpJQmNOTWpRd016QTFNVEV5T0RVNFdoZ1BNakExTkRBeU1qWXhNakk0TlRoYU1DOHhMVEFyQmdOVkJBTVRKRGMxClpqUmlObUpoTFdNeE1qRXROR1ExWkMxaU5USm1MVEUzTnpSaU16QTVNVEZrTmpDQ0FhSXdEUVlKS29aSWh2Y04KQVFFQkJRQURnZ0dQQURDQ0FZb0NnZ0dCQUtsRlFvb0hyWEFaSFFnU0JNQXpqVk9ZUlYxbWtobDRKbVA5RjlZZgpiSFMxNHdHcjNLSG5PVE5hT2NCWU5Ed0ZoZE9IQVg3c3crZzFTVmZWVDBESHcySGxQMFlPaFl4dUIvRHA2SzNKClQwMlZSWmJnbFhRelZhQmwvbkRNUzlKcnk0M1VqeTl6eGhTTkhFOXZZVElVeWVzVW1GSEp3ZUw2UzRDdlQwSmgKaWZBUzFlRG1NMytRR3gwb3M3SUdFbTFlYnd5Q1hybFZDVEprN05ScTc3WlhKUElCcWgySWlYVlIxYXFseXhRcwowS1R2azZxREFocldJSXNnYndTaUlLK0IyU2R1eFZGYUwzQTBFUk0vZVQzVDAxT0t2TFY2cGRkVjVSMDhOYUpjClFOdzFnZEYvWTFpc3RwdHRSaVVOc1NrK1F1OFMwc0lRckM0YUE1MU9aN0NDcEptSU4yL1JGNUV1b1psUkp0SnoKbUcvdFRpZ2JITzFNZEtGYWpuU01XZVhONm5YOHdsejBGcFUrUXA0K0Z0ejh5SHdvQjdTbHVZdGRjcFEwLzRjTgpaWGNBVGd2YXlUSmJWaDRvR3Z2cllsOWJ2M0M1Zm5UQ0s3anpzeU9tNGM0Vi9tNHg2blhBWXBvYmc0aFpuQWMxClorSTZlNEJlbHhqWkJ5aytEdlVRcHhhUm53SURBUUFCbzBJd1FEQU9CZ05WSFE4QkFmOEVCQU1DQWdRd0R3WUQKVlIwVEFRSC9CQVV3QXdFQi96QWRCZ05WSFE0RUZnUVV5Q0t1N29uaStUUXRZZVk2V1RmOFUwUDdWYUV3RFFZSgpLb1pJaHZjTkFRRUxCUUFEZ2dHQkFJRURVd21KalFCcVkyQ3BySzZvL0JUU3VjN1RWbkRZYzJwMnhSLzNkSTRMCjZHRlVNTkl4V1JSQnlzY25ld21BY09oMGJHZ09nOTRuS0Z2UFZzYml5NVZXM1VwTVM2blowT0lDc2lqWGd4YkIKSkxmdjc1cHE3ckZDZkxoOFRwVFNnNGJTOW1KWFBlMklTV042TVVxcjhsK2hBS1hLYjl0dU40RDVZT05rQU5RLwoyVlNrcDBpOUFNbCs3RjBRSkYxd3U4ek9yR1JiT1RycmRpNW9hSnZnamJoVE1CeHNyMmM4TWUvQXpqb0hnV3hQCklYNnU5d1p6aXM0dlVwR3IrblkrZ2MzV2U0SmtRejZGbWZtZkxPcDlDdUVsaDVrYUsrWlQzTStEc2R4TEtNYnUKTlYrY1ZIdFVINlVZcEFJQ0ZScU1MMllZK0tuU1VEZzVxbTM1SFl4ekZ6V0JzUUcwRkZYMzRGQ3A0TTRxMGZnQwoxcUZmOWhWc3JHc1d6S1JhSzRoWUtaNkZhL2NmdStuaGFvZ2wyTHhiRzRsKzZhRGdSbVpnNmpwNFN2TkRYaXJQClRiaW5ISEVhaURscnI5M01BbmFrYlpieG92VzZCVXdDTVpuNmVUNVdLdEdVS3F6UGQxTnNmMjdpUGV3UUFuOEEKeEowQ2JaZDB4a2VkVThOTkJUZ3ZSdz09Ci0tLS0tRU5EIENFUlRJRklDQVRFLS0tLS0K"
              }
            ],
            "master_authorized_networks_config": [],
            "master_version": "1.27.8-gke.1067004",
            "mesh_certificates": [],
            "min_master_version": null,
            "monitoring_config": [
              {
                "enable_components": [
                  "SYSTEM_COMPONENTS"
                ],
                "managed_prometheus": [
                  {
                    "enabled": true
                  }
                ]
              }
            ],
            "monitoring_service": "monitoring.googleapis.com/kubernetes",
            "name": "codify-playground-yannick-gke",
            "network": "projects/codify-playground-yannick/global/networks/codify-playground-yannick-vpc",
            "network_policy": [
              {
                "enabled": false,
                "provider": "PROVIDER_UNSPECIFIED"
              }
            ],
            "networking_mode": "ROUTES",
            "node_config": [],
            "node_locations": [
              "europe-west6-a",
              "europe-west6-b",
              "europe-west6-c"
            ],
            "node_pool": [],
            "node_pool_defaults": [
              {
                "node_config_defaults": [
                  {
                    "logging_variant": "DEFAULT"
                  }
                ]
              }
            ],
            "node_version": "1.27.8-gke.1067004",
            "notification_config": [
              {
                "pubsub": [
                  {
                    "enabled": false,
                    "filter": [],
                    "topic": ""
                  }
                ]
              }
            ],
            "operation": null,
            "private_cluster_config": [
              {
                "enable_private_endpoint": false,
                "enable_private_nodes": false,
                "master_global_access_config": [
                  {
                    "enabled": false
                  }
                ],
                "master_ipv4_cidr_block": "",
                "peering_name": "",
                "private_endpoint": "10.10.0.2",
                "private_endpoint_subnetwork": "",
                "public_endpoint": "34.65.240.234"
              }
            ],
            "private_ipv6_google_access": "",
            "project": "codify-playground-yannick",
            "release_channel": [
              {
                "channel": "REGULAR"
              }
            ],
            "remove_default_node_pool": true,
            "resource_labels": null,
            "resource_usage_export_config": [],
            "security_posture_config": [
              {
                "mode": "BASIC",
                "vulnerability_mode": "VULNERABILITY_MODE_UNSPECIFIED"
              }
            ],
            "self_link": "https://container.googleapis.com/v1/projects/codify-playground-yannick/locations/europe-west6/clusters/codify-playground-yannick-gke",
            "service_external_ips_config": [
              {
                "enabled": false
              }
            ],
            "services_ipv4_cidr": "10.255.240.0/20",
            "subnetwork": "projects/codify-playground-yannick/regions/europe-west6/subnetworks/codify-playground-yannick-subnet",
            "timeouts": null,
            "tpu_ipv4_cidr_block": "",
            "vertical_pod_autoscaling": [],
            "workload_identity_config": []
          },
          "sensitive_attributes": [],
          "private": "eyJlMmJmYjczMC1lY2FhLTExZTYtOGY4OC0zNDM2M2JjN2M0YzAiOnsiY3JlYXRlIjoyNDAwMDAwMDAwMDAwLCJkZWxldGUiOjI0MDAwMDAwMDAwMDAsInJlYWQiOjI0MDAwMDAwMDAwMDAsInVwZGF0ZSI6MzYwMDAwMDAwMDAwMH0sInNjaGVtYV92ZXJzaW9uIjoiMSJ9",
          "dependencies": [
            "google_compute_network.vpc",
            "google_compute_subnetwork.subnet"
          ]
        }
      ]
    },
    {
      "mode": "managed",
      "type": "google_container_node_pool",
      "name": "primary_nodes",
      "provider": "provider[\"registry.terraform.io/hashicorp/google\"]",
      "instances": [
        {
          "schema_version": 1,
          "attributes": {
            "autoscaling": [],
            "cluster": "codify-playground-yannick-gke",
            "id": "projects/codify-playground-yannick/locations/europe-west6/clusters/codify-playground-yannick-gke/nodePools/codify-playground-yannick-gke",
            "initial_node_count": 1,
            "instance_group_urls": [
              "https://www.googleapis.com/compute/v1/projects/codify-playground-yannick/zones/europe-west6-b/instanceGroupManagers/gke-codify-playgroun-codify-playgroun-668fdf9c-grp",
              "https://www.googleapis.com/compute/v1/projects/codify-playground-yannick/zones/europe-west6-a/instanceGroupManagers/gke-codify-playgroun-codify-playgroun-52fa25a1-grp",
              "https://www.googleapis.com/compute/v1/projects/codify-playground-yannick/zones/europe-west6-c/instanceGroupManagers/gke-codify-playgroun-codify-playgroun-5c039906-grp"
            ],
            "location": "europe-west6",
            "managed_instance_group_urls": [
              "https://www.googleapis.com/compute/v1/projects/codify-playground-yannick/zones/europe-west6-b/instanceGroups/gke-codify-playgroun-codify-playgroun-668fdf9c-grp",
              "https://www.googleapis.com/compute/v1/projects/codify-playground-yannick/zones/europe-west6-a/instanceGroups/gke-codify-playgroun-codify-playgroun-52fa25a1-grp",
              "https://www.googleapis.com/compute/v1/projects/codify-playground-yannick/zones/europe-west6-c/instanceGroups/gke-codify-playgroun-codify-playgroun-5c039906-grp"
            ],
            "management": [
              {
                "auto_repair": true,
                "auto_upgrade": true
              }
            ],
            "max_pods_per_node": null,
            "name": "codify-playground-yannick-gke",
            "name_prefix": "",
            "network_config": [
              {
                "create_pod_range": false,
                "enable_private_nodes": false,
                "pod_cidr_overprovision_config": [],
                "pod_ipv4_cidr_block": "",
                "pod_range": ""
              }
            ],
            "node_config": [
              {
                "advanced_machine_features": [],
                "boot_disk_kms_key": "",
                "disk_size_gb": 100,
                "disk_type": "pd-balanced",
                "ephemeral_storage_local_ssd_config": [],
                "gcfs_config": [],
                "guest_accelerator": [],
                "gvnic": [],
                "image_type": "COS_CONTAINERD",
                "kubelet_config": [],
                "labels": {
                  "env": "codify-playground-yannick"
                },
                "linux_node_config": [],
                "local_nvme_ssd_block_config": [],
                "local_ssd_count": 0,
                "logging_variant": "DEFAULT",
                "machine_type": "e2-medium",
                "metadata": {
                  "disable-legacy-endpoints": "true"
                },
                "min_cpu_platform": "",
                "node_group": "",
                "oauth_scopes": [
                  "https://www.googleapis.com/auth/logging.write",
                  "https://www.googleapis.com/auth/monitoring"
                ],
                "preemptible": false,
                "reservation_affinity": [],
                "resource_labels": null,
                "service_account": "default",
                "shielded_instance_config": [
                  {
                    "enable_integrity_monitoring": true,
                    "enable_secure_boot": false
                  }
                ],
                "sole_tenant_config": [],
                "spot": false,
                "tags": [
                  "gke-node",
                  "codify-playground-yannick-gke"
                ],
                "taint": [],
                "workload_metadata_config": []
              }
            ],
            "node_count": 1,
            "node_locations": [
              "europe-west6-a",
              "europe-west6-b",
              "europe-west6-c"
            ],
            "operation": null,
            "placement_policy": [],
            "project": "codify-playground-yannick",
            "timeouts": null,
            "upgrade_settings": [
              {
                "blue_green_settings": [],
                "max_surge": 1,
                "max_unavailable": 0,
                "strategy": "SURGE"
              }
            ],
            "version": "1.27.8-gke.1067004"
          },
          "sensitive_attributes": [],
          "private": "eyJlMmJmYjczMC1lY2FhLTExZTYtOGY4OC0zNDM2M2JjN2M0YzAiOnsiY3JlYXRlIjoxODAwMDAwMDAwMDAwLCJkZWxldGUiOjE4MDAwMDAwMDAwMDAsInVwZGF0ZSI6MTgwMDAwMDAwMDAwMH0sInNjaGVtYV92ZXJzaW9uIjoiMSJ9",
          "dependencies": [
            "data.google_container_engine_versions.gke_version",
            "google_compute_network.vpc",
            "google_compute_subnetwork.subnet",
            "google_container_cluster.primary"
          ]
        }
      ]
    }
  ],
  "check_results": null
}
